
Microsoft Visual Studio Solution File, Format Version 12.00
# Visual Studio Version 17
VisualStudioVersion = 17.8.34322.80
MinimumVisualStudioVersion = 10.0.40219.1
Project("{FAE04EC0-301F-11D3-BF4B-00C04F79EFBC}") = "SudokuRecursionAndBacktracking", "SudokuRecursionAndBacktracking.csproj", "{8804AC0C-4D20-43FA-8929-5160E266677A}"
EndProject
Global
	GlobalSection(SolutionConfigurationPlatforms) = preSolution
		Debug|Any CPU = Debug|Any CPU
		Release|Any CPU = Release|Any CPU
	EndGlobalSection
	GlobalSection(ProjectConfigurationPlatforms) = postSolution
		{8804AC0C-4D20-43FA-8929-5160E266677A}.Debug|Any CPU.ActiveCfg = Debug|Any CPU
		{8804AC0C-4D20-43FA-8929-5160E266677A}.Debug|Any CPU.Build.0 = Debug|Any CPU
		{8804AC0C-4D20-43FA-8929-5160E266677A}.Release|Any CPU.ActiveCfg = Release|Any CPU
		{8804AC0C-4D20-43FA-8929-5160E266677A}.Release|Any CPU.Build.0 = Release|Any CPU
	EndGlobalSection
	GlobalSection(SolutionProperties) = preSolution
		HideSolutionNode = FALSE
	EndGlobalSection
	GlobalSection(ExtensibilityGlobals) = postSolution
		SolutionGuid = {06391C37-546E-40C7-8C92-4B95691A7D55}
	EndGlobalSection
EndGlobal
